
Microsoft Visual Studio Solution File, Format Version 12.00
# Visual Studio Version 17
VisualStudioVersion = 17.5.33424.131
MinimumVisualStudioVersion = 10.0.40219.1
Project("{9A19103F-16F7-4668-BE54-9A1E7A4F7556}") = "ConsoleTest", "ConsoleTest\ConsoleTest.csproj", "{6D11A948-6558-4681-80D4-4F2E20FB8C0F}"
EndProject
Project("{9A19103F-16F7-4668-BE54-9A1E7A4F7556}") = "Utils", "GameUtils\Utils.csproj", "{88960203-2CB2-4382-9578-B7330B931702}"
EndProject
Global
	GlobalSection(SolutionConfigurationPlatforms) = preSolution
		Debug|Any CPU = Debug|Any CPU
		Release|Any CPU = Release|Any CPU
	EndGlobalSection
	GlobalSection(ProjectConfigurationPlatforms) = postSolution
		{6D11A948-6558-4681-80D4-4F2E20FB8C0F}.Debug|Any CPU.ActiveCfg = Debug|Any CPU
		{6D11A948-6558-4681-80D4-4F2E20FB8C0F}.Debug|Any CPU.Build.0 = Debug|Any CPU
		{6D11A948-6558-4681-80D4-4F2E20FB8C0F}.Release|Any CPU.ActiveCfg = Release|Any CPU
		{6D11A948-6558-4681-80D4-4F2E20FB8C0F}.Release|Any CPU.Build.0 = Release|Any CPU
		{88960203-2CB2-4382-9578-B7330B931702}.Debug|Any CPU.ActiveCfg = Debug|Any CPU
		{88960203-2CB2-4382-9578-B7330B931702}.Debug|Any CPU.Build.0 = Debug|Any CPU
		{88960203-2CB2-4382-9578-B7330B931702}.Release|Any CPU.ActiveCfg = Release|Any CPU
		{88960203-2CB2-4382-9578-B7330B931702}.Release|Any CPU.Build.0 = Release|Any CPU
	EndGlobalSection
	GlobalSection(SolutionProperties) = preSolution
		HideSolutionNode = FALSE
	EndGlobalSection
	GlobalSection(ExtensibilityGlobals) = postSolution
		SolutionGuid = {3AA2EA93-FBEB-4CA2-A388-7113984731FC}
	EndGlobalSection
EndGlobal
